<?xml version="1.0" encoding="utf-8"?>
<Project ToolsVersion="4.0" xmlns="http://schemas.microsoft.com/developer/msbuild/2003">
  <ItemGroup>
    <Filter Include="Source Files">
      <UniqueIdentifier>{4FC737F1-C7A5-4376-A066-2A32D752A2FF}</UniqueIdentifier>
      <Extensions>cpp;c;cc;cxx;def;odl;idl;hpj;bat;asm;asmx</Extensions>
    </Filter>
    <Filter Include="Header Files">
      <UniqueIdentifier>{93995380-89BD-4b04-88EB-625FBE52EBFB}</UniqueIdentifier>
      <Extensions>h;hh;hpp;hxx;hm;inl;inc;ipp;xsd</Extensions>
    </Filter>
    <Filter Include="Resource Files">
      <UniqueIdentifier>{67DA6AB6-F800-4c08-8B7A-83BB121AAD01}</UniqueIdentifier>
      <Extensions>rc;ico;cur;bmp;dlg;rc2;rct;bin;rgs;gif;jpg;jpeg;jpe;resx;tiff;tif;png;wav;mfcribbon-ms</Extensions>
    </Filter>
    <Filter Include="Prefabs">
      <UniqueIdentifier>{d85a5d0c-23a0-491b-9c95-dd664688c0e7}</UniqueIdentifier>
    </Filter>
  </ItemGroup>
  <ItemGroup>
    <ClCompile Include="Block.cpp">
      <Filter>Prefabs</Filter>
    </ClCompile>
    <ClCompile Include="Boundary.cpp">
      <Filter>Prefabs</Filter>
    </ClCompile>
    <ClCompile Include="IceBlock.cpp">
      <Filter>Prefabs</Filter>
    </ClCompile>
    <ClCompile Include="Pengo.cpp">
      <Filter>Prefabs</Filter>
    </ClCompile>
    <ClCompile Include="PlayField.cpp">
      <Filter>Prefabs</Filter>
    </ClCompile>
    <ClCompile Include="Scene1.cpp">
      <Filter>Prefabs</Filter>
    </ClCompile>
    <ClCompile Include="Snobee.cpp">
      <Filter>Prefabs</Filter>
    </ClCompile>
    <ClCompile Include="SpBlock.cpp">
      <Filter>Prefabs</Filter>
    </ClCompile>
  </ItemGroup>
  <ItemGroup>
    <ClInclude Include="Block.h">
      <Filter>Prefabs</Filter>
    </ClInclude>
    <ClInclude Include="Boundary.h">
      <Filter>Prefabs</Filter>
    </ClInclude>
    <ClInclude Include="IceBlock.h">
      <Filter>Prefabs</Filter>
    </ClInclude>
    <ClInclude Include="Pengo.h">
      <Filter>Prefabs</Filter>
    </ClInclude>
    <ClInclude Include="PlayField.h">
      <Filter>Prefabs</Filter>
    </ClInclude>
    <ClInclude Include="Scene1.h">
      <Filter>Prefabs</Filter>
    </ClInclude>
    <ClInclude Include="Snobee.h">
      <Filter>Prefabs</Filter>
    </ClInclude>
    <ClInclude Include="SpBlock.h">
      <Filter>Prefabs</Filter>
    </ClInclude>
  </ItemGroup>
</Project>