<?xml version="1.0" encoding="utf-8"?>
<Project ToolsVersion="4.0" xmlns="http://schemas.microsoft.com/developer/msbuild/2003">
  <ItemGroup>
    <Filter Include="Source Files">
      <UniqueIdentifier>{4FC737F1-C7A5-4376-A066-2A32D752A2FF}</UniqueIdentifier>
      <Extensions>cpp;c;cc;cxx;def;odl;idl;hpj;bat;asm;asmx</Extensions>
    </Filter>
    <Filter Include="Header Files">
      <UniqueIdentifier>{93995380-89BD-4b04-88EB-625FBE52EBFB}</UniqueIdentifier>
      <Extensions>h;hh;hpp;hxx;hm;inl;inc;xsd</Extensions>
    </Filter>
    <Filter Include="Resource Files">
      <UniqueIdentifier>{67DA6AB6-F800-4c08-8B7A-83BB121AAD01}</UniqueIdentifier>
      <Extensions>rc;ico;cur;bmp;dlg;rc2;rct;bin;rgs;gif;jpg;jpeg;jpe;resx;tiff;tif;png;wav;mfcribbon-ms</Extensions>
    </Filter>
    <Filter Include="Components">
      <UniqueIdentifier>{8762851f-900c-43bf-9cce-9c20363cfb53}</UniqueIdentifier>
    </Filter>
    <Filter Include="Managers">
      <UniqueIdentifier>{e833e643-5de8-4c07-9423-d17c3ac00729}</UniqueIdentifier>
    </Filter>
    <Filter Include="Others">
      <UniqueIdentifier>{3249ac1e-6d9d-4896-bd5d-35484e4ddc8e}</UniqueIdentifier>
    </Filter>
    <Filter Include="Managers\Input">
      <UniqueIdentifier>{a903af4f-f3b1-4cb2-9224-ddca6cf609bd}</UniqueIdentifier>
    </Filter>
    <Filter Include="General">
      <UniqueIdentifier>{b580f331-ed54-4529-b7d8-13b0ccb58758}</UniqueIdentifier>
    </Filter>
    <Filter Include="Cameras">
      <UniqueIdentifier>{b397e52d-38ca-460c-b76d-8bf074ccccb4}</UniqueIdentifier>
    </Filter>
    <Filter Include="Rendering">
      <UniqueIdentifier>{796ad322-f710-4e88-9fb9-f8492ca964f4}</UniqueIdentifier>
    </Filter>
    <Filter Include="B2Custom">
      <UniqueIdentifier>{0229f3f0-e02a-40aa-a2d3-526522c1211e}</UniqueIdentifier>
    </Filter>
  </ItemGroup>
  <ItemGroup>
    <ClCompile Include="Animator.cpp">
      <Filter>Components</Filter>
    </ClCompile>
    <ClCompile Include="AnimatorBlackboard.cpp">
      <Filter>Components</Filter>
    </ClCompile>
    <ClCompile Include="AnimatorState.cpp">
      <Filter>Components</Filter>
    </ClCompile>
    <ClCompile Include="AnimLoader.cpp">
      <Filter>General</Filter>
    </ClCompile>
    <ClCompile Include="b2CContactListener.cpp">
      <Filter>B2Custom</Filter>
    </ClCompile>
    <ClCompile Include="BaseComponent.cpp">
      <Filter>Components</Filter>
    </ClCompile>
    <ClCompile Include="BoxCollider.cpp">
      <Filter>Components</Filter>
    </ClCompile>
    <ClCompile Include="BoxTrigger.cpp">
      <Filter>Components</Filter>
    </ClCompile>
    <ClCompile Include="ColliderComponent.cpp">
      <Filter>Components</Filter>
    </ClCompile>
    <ClCompile Include="Command.cpp">
      <Filter>Managers\Input</Filter>
    </ClCompile>
    <ClCompile Include="EffectorComponent.cpp">
      <Filter>Components</Filter>
    </ClCompile>
    <ClCompile Include="DebugRenderer.cpp">
      <Filter>Rendering</Filter>
    </ClCompile>
    <ClCompile Include="Font.cpp">
      <Filter>Rendering</Filter>
    </ClCompile>
    <ClCompile Include="FreeCamera.cpp">
      <Filter>Cameras</Filter>
    </ClCompile>
    <ClCompile Include="FixedCamera.cpp">
      <Filter>Cameras</Filter>
    </ClCompile>
    <ClCompile Include="Camera.cpp">
      <Filter>Cameras</Filter>
    </ClCompile>
    <ClCompile Include="InputManager.cpp">
      <Filter>Managers\Input</Filter>
    </ClCompile>
    <ClCompile Include="InputHandler.cpp">
      <Filter>Managers\Input</Filter>
    </ClCompile>
    <ClCompile Include="Renderer.cpp">
      <Filter>Rendering</Filter>
    </ClCompile>
    <ClCompile Include="ResourceManager.cpp">
      <Filter>Managers</Filter>
    </ClCompile>
    <ClCompile Include="RigidbodyComponent.cpp">
      <Filter>Components</Filter>
    </ClCompile>
    <ClCompile Include="SpriteComponent.cpp">
      <Filter>Components</Filter>
    </ClCompile>
    <ClCompile Include="TextureComponent.cpp">
      <Filter>Components</Filter>
    </ClCompile>
    <ClCompile Include="TransformComponent.cpp">
      <Filter>Components</Filter>
    </ClCompile>
    <ClCompile Include="TextComponent.cpp">
      <Filter>Components</Filter>
    </ClCompile>
    <ClCompile Include="Texture2D.cpp">
      <Filter>Components</Filter>
    </ClCompile>
    <ClCompile Include="SoundManager.cpp">
      <Filter>Managers</Filter>
    </ClCompile>
    <ClCompile Include="SceneManager.cpp">
      <Filter>Managers</Filter>
    </ClCompile>
    <ClCompile Include="GameObject.cpp">
      <Filter>Others</Filter>
    </ClCompile>
    <ClCompile Include="GameScene.cpp">
      <Filter>Others</Filter>
    </ClCompile>
    <ClCompile Include="Minigin.cpp">
      <Filter>Others</Filter>
    </ClCompile>
    <ClCompile Include="MiniginPCH.cpp">
      <Filter>Others</Filter>
    </ClCompile>
    <ClCompile Include="Settings.cpp">
      <Filter>Others</Filter>
    </ClCompile>
    <ClCompile Include="Observer.cpp">
      <Filter>Source Files</Filter>
    </ClCompile>
    <ClCompile Include="b2DebugDraw.cpp">
      <Filter>B2Custom</Filter>
    </ClCompile>
  </ItemGroup>
  <ItemGroup>
    <ClInclude Include="Animator.h">
      <Filter>Components</Filter>
    </ClInclude>
    <ClInclude Include="AnimatorState.h">
      <Filter>Components</Filter>
    </ClInclude>
    <ClInclude Include="AnimatorBlackboard.h">
      <Filter>Components</Filter>
    </ClInclude>
    <ClInclude Include="AnimLoader.h">
      <Filter>General</Filter>
    </ClInclude>
    <ClInclude Include="b2CContactListener.h">
      <Filter>B2Custom</Filter>
    </ClInclude>
    <ClInclude Include="BaseComponent.h">
      <Filter>Components</Filter>
    </ClInclude>
    <ClInclude Include="BoxCollider.h">
      <Filter>Components</Filter>
    </ClInclude>
    <ClInclude Include="BoxTrigger.h">
      <Filter>Components</Filter>
    </ClInclude>
    <ClInclude Include="ColliderComponent.h">
      <Filter>Components</Filter>
    </ClInclude>
    <ClInclude Include="Command.h">
      <Filter>Managers\Input</Filter>
    </ClInclude>
    <ClInclude Include="EffectorComponent.h">
      <Filter>Components</Filter>
    </ClInclude>
    <ClInclude Include="DebugRenderer.h">
      <Filter>Rendering</Filter>
    </ClInclude>
    <ClInclude Include="Font.h">
      <Filter>Rendering</Filter>
    </ClInclude>
    <ClInclude Include="FreeCamera.h">
      <Filter>Cameras</Filter>
    </ClInclude>
    <ClInclude Include="FixedCamera.h">
      <Filter>Cameras</Filter>
    </ClInclude>
    <ClInclude Include="Camera.h">
      <Filter>Cameras</Filter>
    </ClInclude>
    <ClInclude Include="InputManager.h">
      <Filter>Managers\Input</Filter>
    </ClInclude>
    <ClInclude Include="InputHandler.h">
      <Filter>Managers\Input</Filter>
    </ClInclude>
    <ClInclude Include="InputDefinitions.h">
      <Filter>Managers\Input</Filter>
    </ClInclude>
    <ClInclude Include="Renderer.h">
      <Filter>Rendering</Filter>
    </ClInclude>
    <ClInclude Include="ResourceManager.h">
      <Filter>Managers</Filter>
    </ClInclude>
    <ClInclude Include="RigidbodyComponent.h">
      <Filter>Components</Filter>
    </ClInclude>
    <ClInclude Include="SpriteComponent.h">
      <Filter>Components</Filter>
    </ClInclude>
    <ClInclude Include="TextureComponent.h">
      <Filter>Components</Filter>
    </ClInclude>
    <ClInclude Include="TransformComponent.h">
      <Filter>Components</Filter>
    </ClInclude>
    <ClInclude Include="TextComponent.h">
      <Filter>Components</Filter>
    </ClInclude>
    <ClInclude Include="Texture2D.h">
      <Filter>Components</Filter>
    </ClInclude>
    <ClInclude Include="SoundManager.h">
      <Filter>Managers</Filter>
    </ClInclude>
    <ClInclude Include="SceneManager.h">
      <Filter>Managers</Filter>
    </ClInclude>
    <ClInclude Include="Components.h">
      <Filter>Components</Filter>
    </ClInclude>
    <ClInclude Include="GameObject.h">
      <Filter>Others</Filter>
    </ClInclude>
    <ClInclude Include="GameScene.h">
      <Filter>Others</Filter>
    </ClInclude>
    <ClInclude Include="GeneralStructs.h">
      <Filter>Others</Filter>
    </ClInclude>
    <ClInclude Include="Minigin.h">
      <Filter>Others</Filter>
    </ClInclude>
    <ClInclude Include="MiniginPCH.h">
      <Filter>Others</Filter>
    </ClInclude>
    <ClInclude Include="Project.h">
      <Filter>Others</Filter>
    </ClInclude>
    <ClInclude Include="Scene1.h">
      <Filter>Others</Filter>
    </ClInclude>
    <ClInclude Include="Settings.h">
      <Filter>Others</Filter>
    </ClInclude>
    <ClInclude Include="Singleton.h">
      <Filter>Others</Filter>
    </ClInclude>
    <ClInclude Include="targetver.h">
      <Filter>Others</Filter>
    </ClInclude>
    <ClInclude Include="Utils.h">
      <Filter>Others</Filter>
    </ClInclude>
    <ClInclude Include="Observer.h">
      <Filter>Header Files</Filter>
    </ClInclude>
    <ClInclude Include="GLMS.h">
      <Filter>Others</Filter>
    </ClInclude>
    <ClInclude Include="BOX2DS.h">
      <Filter>Header Files</Filter>
    </ClInclude>
    <ClInclude Include="SDLS.h">
      <Filter>Header Files</Filter>
    </ClInclude>
    <ClInclude Include="b2DebugDraw.h">
      <Filter>B2Custom</Filter>
    </ClInclude>
  </ItemGroup>
</Project>